
Microsoft Visual Studio Solution File, Format Version 12.00
# Visual Studio Version 17
VisualStudioVersion = 17.3.32929.385
MinimumVisualStudioVersion = 10.0.40219.1
Project("{FAE04EC0-301F-11D3-BF4B-00C04F79EFBC}") = "Lab3", "Lab3\Lab3.csproj", "{90307FD3-348B-46CC-B06A-ABA12D7E18E0}"
EndProject
Global
	GlobalSection(SolutionConfigurationPlatforms) = preSolution
		Debug|Any CPU = Debug|Any CPU
		Release|Any CPU = Release|Any CPU
	EndGlobalSection
	GlobalSection(ProjectConfigurationPlatforms) = postSolution
		{90307FD3-348B-46CC-B06A-ABA12D7E18E0}.Debug|Any CPU.ActiveCfg = Debug|Any CPU
		{90307FD3-348B-46CC-B06A-ABA12D7E18E0}.Debug|Any CPU.Build.0 = Debug|Any CPU
		{90307FD3-348B-46CC-B06A-ABA12D7E18E0}.Release|Any CPU.ActiveCfg = Release|Any CPU
		{90307FD3-348B-46CC-B06A-ABA12D7E18E0}.Release|Any CPU.Build.0 = Release|Any CPU
	EndGlobalSection
	GlobalSection(SolutionProperties) = preSolution
		HideSolutionNode = FALSE
	EndGlobalSection
	GlobalSection(ExtensibilityGlobals) = postSolution
		SolutionGuid = {264371F9-C4A7-44EE-BE4E-E5C84BB8FC88}
	EndGlobalSection
EndGlobal
