
Microsoft Visual Studio Solution File, Format Version 12.00
# Visual Studio Version 17
VisualStudioVersion = 17.3.32929.385
MinimumVisualStudioVersion = 10.0.40219.1
Project("{FAE04EC0-301F-11D3-BF4B-00C04F79EFBC}") = "Lab4", "Lab4\Lab4.csproj", "{C2E4FF4B-F7B6-49FF-9726-BDA4C821BC45}"
EndProject
Global
	GlobalSection(SolutionConfigurationPlatforms) = preSolution
		Debug|Any CPU = Debug|Any CPU
		Release|Any CPU = Release|Any CPU
	EndGlobalSection
	GlobalSection(ProjectConfigurationPlatforms) = postSolution
		{C2E4FF4B-F7B6-49FF-9726-BDA4C821BC45}.Debug|Any CPU.ActiveCfg = Debug|Any CPU
		{C2E4FF4B-F7B6-49FF-9726-BDA4C821BC45}.Debug|Any CPU.Build.0 = Debug|Any CPU
		{C2E4FF4B-F7B6-49FF-9726-BDA4C821BC45}.Release|Any CPU.ActiveCfg = Release|Any CPU
		{C2E4FF4B-F7B6-49FF-9726-BDA4C821BC45}.Release|Any CPU.Build.0 = Release|Any CPU
	EndGlobalSection
	GlobalSection(SolutionProperties) = preSolution
		HideSolutionNode = FALSE
	EndGlobalSection
	GlobalSection(ExtensibilityGlobals) = postSolution
		SolutionGuid = {69D44967-8504-412C-B47C-D3C14C8FA0C4}
	EndGlobalSection
EndGlobal
